
Microsoft Visual Studio Solution File, Format Version 12.00
# Visual Studio Version 16
VisualStudioVersion = 16.0.29209.152
MinimumVisualStudioVersion = 10.0.40219.1
Project("{FAE04EC0-301F-11D3-BF4B-00C04F79EFBC}") = "foodgolf", "foodgolf\foodgolf.csproj", "{B61FB1F0-CB99-4CE7-B04F-598080100FDE}"
EndProject
Global
	GlobalSection(SolutionConfigurationPlatforms) = preSolution
		Debug|Any CPU = Debug|Any CPU
		Release|Any CPU = Release|Any CPU
	EndGlobalSection
	GlobalSection(ProjectConfigurationPlatforms) = postSolution
		{B61FB1F0-CB99-4CE7-B04F-598080100FDE}.Debug|Any CPU.ActiveCfg = Debug|Any CPU
		{B61FB1F0-CB99-4CE7-B04F-598080100FDE}.Debug|Any CPU.Build.0 = Debug|Any CPU
		{B61FB1F0-CB99-4CE7-B04F-598080100FDE}.Release|Any CPU.ActiveCfg = Release|Any CPU
		{B61FB1F0-CB99-4CE7-B04F-598080100FDE}.Release|Any CPU.Build.0 = Release|Any CPU
	EndGlobalSection
	GlobalSection(SolutionProperties) = preSolution
		HideSolutionNode = FALSE
	EndGlobalSection
	GlobalSection(ExtensibilityGlobals) = postSolution
		SolutionGuid = {D97D2AF8-FEFE-43A7-B85A-E9E3A3FE8750}
	EndGlobalSection
EndGlobal
